
Microsoft Visual Studio Solution File, Format Version 12.00
# Visual Studio Version 16
VisualStudioVersion = 16.0.30011.22
MinimumVisualStudioVersion = 10.0.40219.1
Project("{8BC9CEB8-8B4A-11D0-8D11-00A0C91BC942}") = "CPP11_NHF2_Chess", "CPP11_NHF2_Chess\CPP11_NHF2_Chess.vcxproj", "{C2920F5E-420F-4BD3-9A98-411DAD0297FD}"
EndProject
Global
	GlobalSection(SolutionConfigurationPlatforms) = preSolution
		Debug|x64 = Debug|x64
		Debug|x86 = Debug|x86
		Release|x64 = Release|x64
		Release|x86 = Release|x86
	EndGlobalSection
	GlobalSection(ProjectConfigurationPlatforms) = postSolution
		{C2920F5E-420F-4BD3-9A98-411DAD0297FD}.Debug|x64.ActiveCfg = Debug|x64
		{C2920F5E-420F-4BD3-9A98-411DAD0297FD}.Debug|x64.Build.0 = Debug|x64
		{C2920F5E-420F-4BD3-9A98-411DAD0297FD}.Debug|x86.ActiveCfg = Debug|Win32
		{C2920F5E-420F-4BD3-9A98-411DAD0297FD}.Debug|x86.Build.0 = Debug|Win32
		{C2920F5E-420F-4BD3-9A98-411DAD0297FD}.Release|x64.ActiveCfg = Release|x64
		{C2920F5E-420F-4BD3-9A98-411DAD0297FD}.Release|x64.Build.0 = Release|x64
		{C2920F5E-420F-4BD3-9A98-411DAD0297FD}.Release|x86.ActiveCfg = Release|Win32
		{C2920F5E-420F-4BD3-9A98-411DAD0297FD}.Release|x86.Build.0 = Release|Win32
	EndGlobalSection
	GlobalSection(SolutionProperties) = preSolution
		HideSolutionNode = FALSE
	EndGlobalSection
	GlobalSection(ExtensibilityGlobals) = postSolution
		SolutionGuid = {B2F6F9D0-759B-4341-994C-819D2A4582CD}
	EndGlobalSection
EndGlobal
